
Microsoft Visual Studio Solution File, Format Version 12.00
# Visual Studio Version 17
VisualStudioVersion = 17.14.36203.30 d17.14
MinimumVisualStudioVersion = 10.0.40219.1
Project("{FAE04EC0-301F-11D3-BF4B-00C04F79EFBC}") = "Presentation", "Presentation\Presentation.csproj", "{26EA9A69-AE94-44E0-BB63-1DC4596D2FB6}"
EndProject
Project("{FAE04EC0-301F-11D3-BF4B-00C04F79EFBC}") = "Entity", "Entity\Entity.csproj", "{073E3FCC-4218-4F22-8A3E-1AB553917652}"
EndProject
Project("{FAE04EC0-301F-11D3-BF4B-00C04F79EFBC}") = "Data", "Data\Data.csproj", "{4A4FA16D-0A0A-420B-83C5-10DE5A037C23}"
EndProject
Global
	GlobalSection(SolutionConfigurationPlatforms) = preSolution
		Debug|Any CPU = Debug|Any CPU
		Release|Any CPU = Release|Any CPU
	EndGlobalSection
	GlobalSection(ProjectConfigurationPlatforms) = postSolution
		{26EA9A69-AE94-44E0-BB63-1DC4596D2FB6}.Debug|Any CPU.ActiveCfg = Debug|Any CPU
		{26EA9A69-AE94-44E0-BB63-1DC4596D2FB6}.Debug|Any CPU.Build.0 = Debug|Any CPU
		{26EA9A69-AE94-44E0-BB63-1DC4596D2FB6}.Release|Any CPU.ActiveCfg = Release|Any CPU
		{26EA9A69-AE94-44E0-BB63-1DC4596D2FB6}.Release|Any CPU.Build.0 = Release|Any CPU
		{073E3FCC-4218-4F22-8A3E-1AB553917652}.Debug|Any CPU.ActiveCfg = Debug|Any CPU
		{073E3FCC-4218-4F22-8A3E-1AB553917652}.Debug|Any CPU.Build.0 = Debug|Any CPU
		{073E3FCC-4218-4F22-8A3E-1AB553917652}.Release|Any CPU.ActiveCfg = Release|Any CPU
		{073E3FCC-4218-4F22-8A3E-1AB553917652}.Release|Any CPU.Build.0 = Release|Any CPU
		{4A4FA16D-0A0A-420B-83C5-10DE5A037C23}.Debug|Any CPU.ActiveCfg = Debug|Any CPU
		{4A4FA16D-0A0A-420B-83C5-10DE5A037C23}.Debug|Any CPU.Build.0 = Debug|Any CPU
		{4A4FA16D-0A0A-420B-83C5-10DE5A037C23}.Release|Any CPU.ActiveCfg = Release|Any CPU
		{4A4FA16D-0A0A-420B-83C5-10DE5A037C23}.Release|Any CPU.Build.0 = Release|Any CPU
	EndGlobalSection
	GlobalSection(SolutionProperties) = preSolution
		HideSolutionNode = FALSE
	EndGlobalSection
	GlobalSection(ExtensibilityGlobals) = postSolution
		SolutionGuid = {A139CFFE-C026-4480-82E9-EAC92B8AFAE1}
	EndGlobalSection
EndGlobal
